// !$*UTF8*$!
{
	archiveVersion = 1;
	classes = {
	};
	objectVersion = 56;
	objects = {

/* Begin PBXBuildFile section */
		A73A18E22C0FAC290095A5DB /* iplayyoulistenApp.swift in Sources */ = {isa = PBXBuildFile; fileRef = A73A18E12C0FAC290095A5DB /* iplayyoulistenApp.swift */; };
		A73A18E62C0FAC2A0095A5DB /* Assets.xcassets in Resources */ = {isa = PBXBuildFile; fileRef = A73A18E52C0FAC2A0095A5DB /* Assets.xcassets */; };
		A73A18EA2C0FAC2A0095A5DB /* Preview Assets.xcassets in Resources */ = {isa = PBXBuildFile; fileRef = A73A18E92C0FAC2A0095A5DB /* Preview Assets.xcassets */; };
		A760B06B2C0FB0EF00FF82D4 /* GoogleService-Info.plist in Resources */ = {isa = PBXBuildFile; fileRef = A760B06A2C0FB0EF00FF82D4 /* GoogleService-Info.plist */; };
		A760B06F2C0FB16000FF82D4 /* FirebaseAnalytics in Frameworks */ = {isa = PBXBuildFile; productRef = A760B06E2C0FB16000FF82D4 /* FirebaseAnalytics */; };
		A760B0712C0FB16000FF82D4 /* FirebaseAnalyticsOnDeviceConversion in Frameworks */ = {isa = PBXBuildFile; productRef = A760B0702C0FB16000FF82D4 /* FirebaseAnalyticsOnDeviceConversion */; };
		A760B0732C0FB16000FF82D4 /* FirebaseAnalyticsSwift in Frameworks */ = {isa = PBXBuildFile; productRef = A760B0722C0FB16000FF82D4 /* FirebaseAnalyticsSwift */; };
		A760B0752C0FB16000FF82D4 /* FirebaseAnalyticsWithoutAdIdSupport in Frameworks */ = {isa = PBXBuildFile; productRef = A760B0742C0FB16000FF82D4 /* FirebaseAnalyticsWithoutAdIdSupport */; };
		A760B0772C0FB16000FF82D4 /* FirebaseAppCheck in Frameworks */ = {isa = PBXBuildFile; productRef = A760B0762C0FB16000FF82D4 /* FirebaseAppCheck */; };
		A760B0792C0FB16000FF82D4 /* FirebaseAppDistribution-Beta in Frameworks */ = {isa = PBXBuildFile; productRef = A760B0782C0FB16000FF82D4 /* FirebaseAppDistribution-Beta */; };
		A760B07B2C0FB16000FF82D4 /* FirebaseAuth in Frameworks */ = {isa = PBXBuildFile; productRef = A760B07A2C0FB16000FF82D4 /* FirebaseAuth */; };
		A760B07D2C0FB16000FF82D4 /* FirebaseAuthCombine-Community in Frameworks */ = {isa = PBXBuildFile; productRef = A760B07C2C0FB16000FF82D4 /* FirebaseAuthCombine-Community */; };
		A760B07F2C0FB16000FF82D4 /* FirebaseCrashlytics in Frameworks */ = {isa = PBXBuildFile; productRef = A760B07E2C0FB16000FF82D4 /* FirebaseCrashlytics */; };
		A760B0812C0FB16000FF82D4 /* FirebaseDatabase in Frameworks */ = {isa = PBXBuildFile; productRef = A760B0802C0FB16000FF82D4 /* FirebaseDatabase */; };
		A760B0832C0FB16000FF82D4 /* FirebaseDatabaseSwift in Frameworks */ = {isa = PBXBuildFile; productRef = A760B0822C0FB16000FF82D4 /* FirebaseDatabaseSwift */; };
		A760B0852C0FB16000FF82D4 /* FirebaseDynamicLinks in Frameworks */ = {isa = PBXBuildFile; productRef = A760B0842C0FB16000FF82D4 /* FirebaseDynamicLinks */; };
		A760B0872C0FB16000FF82D4 /* FirebaseFirestore in Frameworks */ = {isa = PBXBuildFile; productRef = A760B0862C0FB16000FF82D4 /* FirebaseFirestore */; };
		A760B0892C0FB16000FF82D4 /* FirebaseFirestoreCombine-Community in Frameworks */ = {isa = PBXBuildFile; productRef = A760B0882C0FB16000FF82D4 /* FirebaseFirestoreCombine-Community */; };
		A760B08B2C0FB16000FF82D4 /* FirebaseFirestoreSwift in Frameworks */ = {isa = PBXBuildFile; productRef = A760B08A2C0FB16000FF82D4 /* FirebaseFirestoreSwift */; };
		A760B08D2C0FB16000FF82D4 /* FirebaseFunctions in Frameworks */ = {isa = PBXBuildFile; productRef = A760B08C2C0FB16000FF82D4 /* FirebaseFunctions */; };
		A760B08F2C0FB16000FF82D4 /* FirebaseFunctionsCombine-Community in Frameworks */ = {isa = PBXBuildFile; productRef = A760B08E2C0FB16000FF82D4 /* FirebaseFunctionsCombine-Community */; };
		A760B0912C0FB16000FF82D4 /* FirebaseInAppMessaging-Beta in Frameworks */ = {isa = PBXBuildFile; productRef = A760B0902C0FB16000FF82D4 /* FirebaseInAppMessaging-Beta */; };
		A760B0932C0FB16000FF82D4 /* FirebaseInAppMessagingSwift-Beta in Frameworks */ = {isa = PBXBuildFile; productRef = A760B0922C0FB16000FF82D4 /* FirebaseInAppMessagingSwift-Beta */; };
		A760B0952C0FB16000FF82D4 /* FirebaseInstallations in Frameworks */ = {isa = PBXBuildFile; productRef = A760B0942C0FB16000FF82D4 /* FirebaseInstallations */; };
		A760B0972C0FB16000FF82D4 /* FirebaseMessaging in Frameworks */ = {isa = PBXBuildFile; productRef = A760B0962C0FB16000FF82D4 /* FirebaseMessaging */; };
		A760B0992C0FB16000FF82D4 /* FirebaseMLModelDownloader in Frameworks */ = {isa = PBXBuildFile; productRef = A760B0982C0FB16000FF82D4 /* FirebaseMLModelDownloader */; };
		A760B09B2C0FB16000FF82D4 /* FirebasePerformance in Frameworks */ = {isa = PBXBuildFile; productRef = A760B09A2C0FB16000FF82D4 /* FirebasePerformance */; };
		A760B09D2C0FB16000FF82D4 /* FirebaseRemoteConfig in Frameworks */ = {isa = PBXBuildFile; productRef = A760B09C2C0FB16000FF82D4 /* FirebaseRemoteConfig */; };
		A760B09F2C0FB16000FF82D4 /* FirebaseRemoteConfigSwift in Frameworks */ = {isa = PBXBuildFile; productRef = A760B09E2C0FB16000FF82D4 /* FirebaseRemoteConfigSwift */; };
		A760B0A12C0FB16000FF82D4 /* FirebaseStorage in Frameworks */ = {isa = PBXBuildFile; productRef = A760B0A02C0FB16000FF82D4 /* FirebaseStorage */; };
		A760B0A32C0FB16000FF82D4 /* FirebaseStorageCombine-Community in Frameworks */ = {isa = PBXBuildFile; productRef = A760B0A22C0FB16000FF82D4 /* FirebaseStorageCombine-Community */; };
		A760B0A52C0FB16000FF82D4 /* FirebaseVertexAI-Preview in Frameworks */ = {isa = PBXBuildFile; productRef = A760B0A42C0FB16000FF82D4 /* FirebaseVertexAI-Preview */; };
		A761AA532C12F46C004E634D /* SwiftUIX in Frameworks */ = {isa = PBXBuildFile; productRef = A761AA522C12F46C004E634D /* SwiftUIX */; };
		A7943A7B2C234E290078852F /* GameController.swift in Sources */ = {isa = PBXBuildFile; fileRef = A7943A7A2C234E290078852F /* GameController.swift */; };
		A7943A7F2C23747D0078852F /* TapToReloadLabel.swift in Sources */ = {isa = PBXBuildFile; fileRef = A7943A7E2C23747D0078852F /* TapToReloadLabel.swift */; };
		A7943A812C2377F50078852F /* GameView.swift in Sources */ = {isa = PBXBuildFile; fileRef = A7943A802C2377F50078852F /* GameView.swift */; };
		A7943A852C2397DF0078852F /* DisplayArtwork.swift in Sources */ = {isa = PBXBuildFile; fileRef = A7943A842C2397DF0078852F /* DisplayArtwork.swift */; };
		A7943A872C239BD60078852F /* DisplayAlbumTitle.swift in Sources */ = {isa = PBXBuildFile; fileRef = A7943A862C239BD60078852F /* DisplayAlbumTitle.swift */; };
		A7943A892C239DA80078852F /* DisplayAlbumGenreAndYear.swift in Sources */ = {isa = PBXBuildFile; fileRef = A7943A882C239DA80078852F /* DisplayAlbumGenreAndYear.swift */; };
		A7943A8B2C23A4070078852F /* PuzzleHint.swift in Sources */ = {isa = PBXBuildFile; fileRef = A7943A8A2C23A4070078852F /* PuzzleHint.swift */; };
		A7943A8D2C23D7100078852F /* AlbumView.swift in Sources */ = {isa = PBXBuildFile; fileRef = A7943A8C2C23D7100078852F /* AlbumView.swift */; };
		A7943A8F2C24480A0078852F /* DisplayArtist.swift in Sources */ = {isa = PBXBuildFile; fileRef = A7943A8E2C24480A0078852F /* DisplayArtist.swift */; };
		A7943A912C2463F50078852F /* ResultsView.swift in Sources */ = {isa = PBXBuildFile; fileRef = A7943A902C2463F50078852F /* ResultsView.swift */; };
		A7943A932C246FAB0078852F /* ResultCell.swift in Sources */ = {isa = PBXBuildFile; fileRef = A7943A922C246FAB0078852F /* ResultCell.swift */; };
		A7943A962C247A850078852F /* SampleAlbumView.swift in Sources */ = {isa = PBXBuildFile; fileRef = A7943A952C247A850078852F /* SampleAlbumView.swift */; };
		A7CB58292C10A1CB00C773AA /* Kingfisher in Frameworks */ = {isa = PBXBuildFile; productRef = A7CB58282C10A1CB00C773AA /* Kingfisher */; };
		A7CB582D2C10BC6A00C773AA /* SpotifyIcon.swift in Sources */ = {isa = PBXBuildFile; fileRef = A7CB582C2C10BC6A00C773AA /* SpotifyIcon.swift */; };
		A7CB582F2C10BCC100C773AA /* AppleMusicIcon.swift in Sources */ = {isa = PBXBuildFile; fileRef = A7CB582E2C10BCC100C773AA /* AppleMusicIcon.swift */; };
		A7CB58332C10CC9200C773AA /* FetchService.swift in Sources */ = {isa = PBXBuildFile; fileRef = A7CB58322C10CC9200C773AA /* FetchService.swift */; };
		A7CB58352C10D32700C773AA /* AuthService.swift in Sources */ = {isa = PBXBuildFile; fileRef = A7CB58342C10D32700C773AA /* AuthService.swift */; };
		A7EB1A662C21EDA90086D111 /* MainMenuView.swift in Sources */ = {isa = PBXBuildFile; fileRef = A7EB1A652C21EDA90086D111 /* MainMenuView.swift */; };
		A7EB1A6A2C22007C0086D111 /* CustomColors.swift in Sources */ = {isa = PBXBuildFile; fileRef = A7EB1A692C22007C0086D111 /* CustomColors.swift */; };
		A7EB1A6E2C2203340086D111 /* MenuBackground.swift in Sources */ = {isa = PBXBuildFile; fileRef = A7EB1A6D2C2203340086D111 /* MenuBackground.swift */; };
		A7EB1A742C2233EA0086D111 /* AlbumModel.swift in Sources */ = {isa = PBXBuildFile; fileRef = A7EB1A732C2233EA0086D111 /* AlbumModel.swift */; };
		A7EB1A762C2233F10086D111 /* PuzzleModel.swift in Sources */ = {isa = PBXBuildFile; fileRef = A7EB1A752C2233F10086D111 /* PuzzleModel.swift */; };
		A7EB1A782C2237340086D111 /* X.swift in Sources */ = {isa = PBXBuildFile; fileRef = A7EB1A772C2237340086D111 /* X.swift */; };
		A7EB1A7A2C223AED0086D111 /* HowToPlayView.swift in Sources */ = {isa = PBXBuildFile; fileRef = A7EB1A792C223AED0086D111 /* HowToPlayView.swift */; };
		A7EB1A7C2C223C460086D111 /* ContentView.swift in Sources */ = {isa = PBXBuildFile; fileRef = A7EB1A7B2C223C460086D111 /* ContentView.swift */; };
		A7EB1A7E2C22632D0086D111 /* PreGameView.swift in Sources */ = {isa = PBXBuildFile; fileRef = A7EB1A7D2C22632D0086D111 /* PreGameView.swift */; };
/* End PBXBuildFile section */

/* Begin PBXFileReference section */
		A73A18DE2C0FAC290095A5DB /* iplayyoulisten.app */ = {isa = PBXFileReference; explicitFileType = wrapper.application; includeInIndex = 0; path = iplayyoulisten.app; sourceTree = BUILT_PRODUCTS_DIR; };
		A73A18E12C0FAC290095A5DB /* iplayyoulistenApp.swift */ = {isa = PBXFileReference; lastKnownFileType = sourcecode.swift; path = iplayyoulistenApp.swift; sourceTree = "<group>"; };
		A73A18E52C0FAC2A0095A5DB /* Assets.xcassets */ = {isa = PBXFileReference; lastKnownFileType = folder.assetcatalog; path = Assets.xcassets; sourceTree = "<group>"; };
		A73A18E72C0FAC2A0095A5DB /* iplayyoulisten.entitlements */ = {isa = PBXFileReference; lastKnownFileType = text.plist.entitlements; path = iplayyoulisten.entitlements; sourceTree = "<group>"; };
		A73A18E92C0FAC2A0095A5DB /* Preview Assets.xcassets */ = {isa = PBXFileReference; lastKnownFileType = folder.assetcatalog; path = "Preview Assets.xcassets"; sourceTree = "<group>"; };
		A760B06A2C0FB0EF00FF82D4 /* GoogleService-Info.plist */ = {isa = PBXFileReference; fileEncoding = 4; lastKnownFileType = text.plist.xml; path = "GoogleService-Info.plist"; sourceTree = "<group>"; };
		A7943A7A2C234E290078852F /* GameController.swift */ = {isa = PBXFileReference; lastKnownFileType = sourcecode.swift; path = GameController.swift; sourceTree = "<group>"; };
		A7943A7E2C23747D0078852F /* TapToReloadLabel.swift */ = {isa = PBXFileReference; lastKnownFileType = sourcecode.swift; path = TapToReloadLabel.swift; sourceTree = "<group>"; };
		A7943A802C2377F50078852F /* GameView.swift */ = {isa = PBXFileReference; lastKnownFileType = sourcecode.swift; path = GameView.swift; sourceTree = "<group>"; };
		A7943A842C2397DF0078852F /* DisplayArtwork.swift */ = {isa = PBXFileReference; lastKnownFileType = sourcecode.swift; path = DisplayArtwork.swift; sourceTree = "<group>"; };
		A7943A862C239BD60078852F /* DisplayAlbumTitle.swift */ = {isa = PBXFileReference; lastKnownFileType = sourcecode.swift; path = DisplayAlbumTitle.swift; sourceTree = "<group>"; };
		A7943A882C239DA80078852F /* DisplayAlbumGenreAndYear.swift */ = {isa = PBXFileReference; lastKnownFileType = sourcecode.swift; path = DisplayAlbumGenreAndYear.swift; sourceTree = "<group>"; };
		A7943A8A2C23A4070078852F /* PuzzleHint.swift */ = {isa = PBXFileReference; lastKnownFileType = sourcecode.swift; path = PuzzleHint.swift; sourceTree = "<group>"; };
		A7943A8C2C23D7100078852F /* AlbumView.swift */ = {isa = PBXFileReference; lastKnownFileType = sourcecode.swift; path = AlbumView.swift; sourceTree = "<group>"; };
		A7943A8E2C24480A0078852F /* DisplayArtist.swift */ = {isa = PBXFileReference; lastKnownFileType = sourcecode.swift; path = DisplayArtist.swift; sourceTree = "<group>"; };
		A7943A902C2463F50078852F /* ResultsView.swift */ = {isa = PBXFileReference; lastKnownFileType = sourcecode.swift; path = ResultsView.swift; sourceTree = "<group>"; };
		A7943A922C246FAB0078852F /* ResultCell.swift */ = {isa = PBXFileReference; lastKnownFileType = sourcecode.swift; path = ResultCell.swift; sourceTree = "<group>"; };
		A7943A952C247A850078852F /* SampleAlbumView.swift */ = {isa = PBXFileReference; lastKnownFileType = sourcecode.swift; path = SampleAlbumView.swift; sourceTree = "<group>"; };
		A7CB582C2C10BC6A00C773AA /* SpotifyIcon.swift */ = {isa = PBXFileReference; lastKnownFileType = sourcecode.swift; path = SpotifyIcon.swift; sourceTree = "<group>"; };
		A7CB582E2C10BCC100C773AA /* AppleMusicIcon.swift */ = {isa = PBXFileReference; lastKnownFileType = sourcecode.swift; path = AppleMusicIcon.swift; sourceTree = "<group>"; };
		A7CB58322C10CC9200C773AA /* FetchService.swift */ = {isa = PBXFileReference; lastKnownFileType = sourcecode.swift; path = FetchService.swift; sourceTree = "<group>"; };
		A7CB58342C10D32700C773AA /* AuthService.swift */ = {isa = PBXFileReference; lastKnownFileType = sourcecode.swift; path = AuthService.swift; sourceTree = "<group>"; };
		A7CB583A2C1132EC00C773AA /* Info.plist */ = {isa = PBXFileReference; lastKnownFileType = text.plist; path = Info.plist; sourceTree = "<group>"; };
		A7EB1A652C21EDA90086D111 /* MainMenuView.swift */ = {isa = PBXFileReference; lastKnownFileType = sourcecode.swift; path = MainMenuView.swift; sourceTree = "<group>"; };
		A7EB1A692C22007C0086D111 /* CustomColors.swift */ = {isa = PBXFileReference; lastKnownFileType = sourcecode.swift; path = CustomColors.swift; sourceTree = "<group>"; };
		A7EB1A6D2C2203340086D111 /* MenuBackground.swift */ = {isa = PBXFileReference; lastKnownFileType = sourcecode.swift; path = MenuBackground.swift; sourceTree = "<group>"; };
		A7EB1A732C2233EA0086D111 /* AlbumModel.swift */ = {isa = PBXFileReference; lastKnownFileType = sourcecode.swift; path = AlbumModel.swift; sourceTree = "<group>"; };
		A7EB1A752C2233F10086D111 /* PuzzleModel.swift */ = {isa = PBXFileReference; lastKnownFileType = sourcecode.swift; path = PuzzleModel.swift; sourceTree = "<group>"; };
		A7EB1A772C2237340086D111 /* X.swift */ = {isa = PBXFileReference; lastKnownFileType = sourcecode.swift; path = X.swift; sourceTree = "<group>"; };
		A7EB1A792C223AED0086D111 /* HowToPlayView.swift */ = {isa = PBXFileReference; lastKnownFileType = sourcecode.swift; path = HowToPlayView.swift; sourceTree = "<group>"; };
		A7EB1A7B2C223C460086D111 /* ContentView.swift */ = {isa = PBXFileReference; lastKnownFileType = sourcecode.swift; path = ContentView.swift; sourceTree = "<group>"; };
		A7EB1A7D2C22632D0086D111 /* PreGameView.swift */ = {isa = PBXFileReference; lastKnownFileType = sourcecode.swift; path = PreGameView.swift; sourceTree = "<group>"; };
/* End PBXFileReference section */

/* Begin PBXFrameworksBuildPhase section */
		A73A18DB2C0FAC290095A5DB /* Frameworks */ = {
			isa = PBXFrameworksBuildPhase;
			buildActionMask = 2147483647;
			files = (
				A760B0812C0FB16000FF82D4 /* FirebaseDatabase in Frameworks */,
				A760B08F2C0FB16000FF82D4 /* FirebaseFunctionsCombine-Community in Frameworks */,
				A760B0872C0FB16000FF82D4 /* FirebaseFirestore in Frameworks */,
				A761AA532C12F46C004E634D /* SwiftUIX in Frameworks */,
				A760B0732C0FB16000FF82D4 /* FirebaseAnalyticsSwift in Frameworks */,
				A760B06F2C0FB16000FF82D4 /* FirebaseAnalytics in Frameworks */,
				A760B0712C0FB16000FF82D4 /* FirebaseAnalyticsOnDeviceConversion in Frameworks */,
				A760B08B2C0FB16000FF82D4 /* FirebaseFirestoreSwift in Frameworks */,
				A760B0992C0FB16000FF82D4 /* FirebaseMLModelDownloader in Frameworks */,
				A7CB58292C10A1CB00C773AA /* Kingfisher in Frameworks */,
				A760B0772C0FB16000FF82D4 /* FirebaseAppCheck in Frameworks */,
				A760B0752C0FB16000FF82D4 /* FirebaseAnalyticsWithoutAdIdSupport in Frameworks */,
				A760B0972C0FB16000FF82D4 /* FirebaseMessaging in Frameworks */,
				A760B07B2C0FB16000FF82D4 /* FirebaseAuth in Frameworks */,
				A760B09F2C0FB16000FF82D4 /* FirebaseRemoteConfigSwift in Frameworks */,
				A760B07F2C0FB16000FF82D4 /* FirebaseCrashlytics in Frameworks */,
				A760B0912C0FB16000FF82D4 /* FirebaseInAppMessaging-Beta in Frameworks */,
				A760B0832C0FB16000FF82D4 /* FirebaseDatabaseSwift in Frameworks */,
				A760B0A32C0FB16000FF82D4 /* FirebaseStorageCombine-Community in Frameworks */,
				A760B09D2C0FB16000FF82D4 /* FirebaseRemoteConfig in Frameworks */,
				A760B08D2C0FB16000FF82D4 /* FirebaseFunctions in Frameworks */,
				A760B0792C0FB16000FF82D4 /* FirebaseAppDistribution-Beta in Frameworks */,
				A760B09B2C0FB16000FF82D4 /* FirebasePerformance in Frameworks */,
				A760B07D2C0FB16000FF82D4 /* FirebaseAuthCombine-Community in Frameworks */,
				A760B0A12C0FB16000FF82D4 /* FirebaseStorage in Frameworks */,
				A760B0932C0FB16000FF82D4 /* FirebaseInAppMessagingSwift-Beta in Frameworks */,
				A760B0A52C0FB16000FF82D4 /* FirebaseVertexAI-Preview in Frameworks */,
				A760B0852C0FB16000FF82D4 /* FirebaseDynamicLinks in Frameworks */,
				A760B0892C0FB16000FF82D4 /* FirebaseFirestoreCombine-Community in Frameworks */,
				A760B0952C0FB16000FF82D4 /* FirebaseInstallations in Frameworks */,
			);
			runOnlyForDeploymentPostprocessing = 0;
		};
/* End PBXFrameworksBuildPhase section */

/* Begin PBXGroup section */
		A73A18D52C0FAC290095A5DB = {
			isa = PBXGroup;
			children = (
				A73A18E02C0FAC290095A5DB /* iplayyoulisten */,
				A73A18DF2C0FAC290095A5DB /* Products */,
				A760B06D2C0FB16000FF82D4 /* Frameworks */,
			);
			sourceTree = "<group>";
		};
		A73A18DF2C0FAC290095A5DB /* Products */ = {
			isa = PBXGroup;
			children = (
				A73A18DE2C0FAC290095A5DB /* iplayyoulisten.app */,
			);
			name = Products;
			sourceTree = "<group>";
		};
		A73A18E02C0FAC290095A5DB /* iplayyoulisten */ = {
			isa = PBXGroup;
			children = (
				A7CB583A2C1132EC00C773AA /* Info.plist */,
				A73A18E72C0FAC2A0095A5DB /* iplayyoulisten.entitlements */,
				A760B06A2C0FB0EF00FF82D4 /* GoogleService-Info.plist */,
				A73A18E12C0FAC290095A5DB /* iplayyoulistenApp.swift */,
				A7EB1A7B2C223C460086D111 /* ContentView.swift */,
				A73A18E52C0FAC2A0095A5DB /* Assets.xcassets */,
				A7CB58182C109C9700C773AA /* App */,
				A7CB58192C109C9A00C773AA /* Background */,
				A73A18E82C0FAC2A0095A5DB /* Preview Content */,
			);
			path = iplayyoulisten;
			sourceTree = "<group>";
		};
		A73A18E82C0FAC2A0095A5DB /* Preview Content */ = {
			isa = PBXGroup;
			children = (
				A73A18E92C0FAC2A0095A5DB /* Preview Assets.xcassets */,
			);
			path = "Preview Content";
			sourceTree = "<group>";
		};
		A760B06D2C0FB16000FF82D4 /* Frameworks */ = {
			isa = PBXGroup;
			children = (
			);
			name = Frameworks;
			sourceTree = "<group>";
		};
		A7943A782C234DFA0078852F /* Menu */ = {
			isa = PBXGroup;
			children = (
				A7EB1A652C21EDA90086D111 /* MainMenuView.swift */,
			);
			path = Menu;
			sourceTree = "<group>";
		};
		A7943A792C234E0D0078852F /* Game */ = {
			isa = PBXGroup;
			children = (
				A7EB1A7D2C22632D0086D111 /* PreGameView.swift */,
				A7943A7A2C234E290078852F /* GameController.swift */,
				A7943A802C2377F50078852F /* GameView.swift */,
				A7943A8C2C23D7100078852F /* AlbumView.swift */,
				A7943A902C2463F50078852F /* ResultsView.swift */,
			);
			path = Game;
			sourceTree = "<group>";
		};
		A7943A942C247A6F0078852F /* HowToPlay */ = {
			isa = PBXGroup;
			children = (
				A7EB1A792C223AED0086D111 /* HowToPlayView.swift */,
				A7943A952C247A850078852F /* SampleAlbumView.swift */,
			);
			path = HowToPlay;
			sourceTree = "<group>";
		};
		A7CB58182C109C9700C773AA /* App */ = {
			isa = PBXGroup;
			children = (
				A7CB581B2C109CA600C773AA /* Components */,
				A7CB581A2C109CA100C773AA /* Views */,
			);
			path = App;
			sourceTree = "<group>";
		};
		A7CB58192C109C9A00C773AA /* Background */ = {
			isa = PBXGroup;
			children = (
				A7EB1A772C2237340086D111 /* X.swift */,
				A7CB581D2C109CB400C773AA /* Models */,
				A7CB581C2C109CAE00C773AA /* Service */,
				A7CB581E2C109CC500C773AA /* Utilities */,
			);
			path = Background;
			sourceTree = "<group>";
		};
		A7CB581A2C109CA100C773AA /* Views */ = {
			isa = PBXGroup;
			children = (
				A7943A942C247A6F0078852F /* HowToPlay */,
				A7943A792C234E0D0078852F /* Game */,
				A7943A782C234DFA0078852F /* Menu */,
			);
			path = Views;
			sourceTree = "<group>";
		};
		A7CB581B2C109CA600C773AA /* Components */ = {
			isa = PBXGroup;
			children = (
				A7CB582C2C10BC6A00C773AA /* SpotifyIcon.swift */,
				A7CB582E2C10BCC100C773AA /* AppleMusicIcon.swift */,
				A7EB1A6D2C2203340086D111 /* MenuBackground.swift */,
				A7943A7E2C23747D0078852F /* TapToReloadLabel.swift */,
				A7943A842C2397DF0078852F /* DisplayArtwork.swift */,
				A7943A862C239BD60078852F /* DisplayAlbumTitle.swift */,
				A7943A882C239DA80078852F /* DisplayAlbumGenreAndYear.swift */,
				A7943A8A2C23A4070078852F /* PuzzleHint.swift */,
				A7943A8E2C24480A0078852F /* DisplayArtist.swift */,
				A7943A922C246FAB0078852F /* ResultCell.swift */,
			);
			path = Components;
			sourceTree = "<group>";
		};
		A7CB581C2C109CAE00C773AA /* Service */ = {
			isa = PBXGroup;
			children = (
				A7CB58322C10CC9200C773AA /* FetchService.swift */,
				A7CB58342C10D32700C773AA /* AuthService.swift */,
			);
			path = Service;
			sourceTree = "<group>";
		};
		A7CB581D2C109CB400C773AA /* Models */ = {
			isa = PBXGroup;
			children = (
				A7EB1A732C2233EA0086D111 /* AlbumModel.swift */,
				A7EB1A752C2233F10086D111 /* PuzzleModel.swift */,
			);
			path = Models;
			sourceTree = "<group>";
		};
		A7CB581E2C109CC500C773AA /* Utilities */ = {
			isa = PBXGroup;
			children = (
				A7EB1A692C22007C0086D111 /* CustomColors.swift */,
			);
			path = Utilities;
			sourceTree = "<group>";
		};
/* End PBXGroup section */

/* Begin PBXNativeTarget section */
		A73A18DD2C0FAC290095A5DB /* iplayyoulisten */ = {
			isa = PBXNativeTarget;
			buildConfigurationList = A73A18ED2C0FAC2A0095A5DB /* Build configuration list for PBXNativeTarget "iplayyoulisten" */;
			buildPhases = (
				A73A18DA2C0FAC290095A5DB /* Sources */,
				A73A18DB2C0FAC290095A5DB /* Frameworks */,
				A73A18DC2C0FAC290095A5DB /* Resources */,
			);
			buildRules = (
			);
			dependencies = (
			);
			name = iplayyoulisten;
			packageProductDependencies = (
				A760B06E2C0FB16000FF82D4 /* FirebaseAnalytics */,
				A760B0702C0FB16000FF82D4 /* FirebaseAnalyticsOnDeviceConversion */,
				A760B0722C0FB16000FF82D4 /* FirebaseAnalyticsSwift */,
				A760B0742C0FB16000FF82D4 /* FirebaseAnalyticsWithoutAdIdSupport */,
				A760B0762C0FB16000FF82D4 /* FirebaseAppCheck */,
				A760B0782C0FB16000FF82D4 /* FirebaseAppDistribution-Beta */,
				A760B07A2C0FB16000FF82D4 /* FirebaseAuth */,
				A760B07C2C0FB16000FF82D4 /* FirebaseAuthCombine-Community */,
				A760B07E2C0FB16000FF82D4 /* FirebaseCrashlytics */,
				A760B0802C0FB16000FF82D4 /* FirebaseDatabase */,
				A760B0822C0FB16000FF82D4 /* FirebaseDatabaseSwift */,
				A760B0842C0FB16000FF82D4 /* FirebaseDynamicLinks */,
				A760B0862C0FB16000FF82D4 /* FirebaseFirestore */,
				A760B0882C0FB16000FF82D4 /* FirebaseFirestoreCombine-Community */,
				A760B08A2C0FB16000FF82D4 /* FirebaseFirestoreSwift */,
				A760B08C2C0FB16000FF82D4 /* FirebaseFunctions */,
				A760B08E2C0FB16000FF82D4 /* FirebaseFunctionsCombine-Community */,
				A760B0902C0FB16000FF82D4 /* FirebaseInAppMessaging-Beta */,
				A760B0922C0FB16000FF82D4 /* FirebaseInAppMessagingSwift-Beta */,
				A760B0942C0FB16000FF82D4 /* FirebaseInstallations */,
				A760B0962C0FB16000FF82D4 /* FirebaseMessaging */,
				A760B0982C0FB16000FF82D4 /* FirebaseMLModelDownloader */,
				A760B09A2C0FB16000FF82D4 /* FirebasePerformance */,
				A760B09C2C0FB16000FF82D4 /* FirebaseRemoteConfig */,
				A760B09E2C0FB16000FF82D4 /* FirebaseRemoteConfigSwift */,
				A760B0A02C0FB16000FF82D4 /* FirebaseStorage */,
				A760B0A22C0FB16000FF82D4 /* FirebaseStorageCombine-Community */,
				A760B0A42C0FB16000FF82D4 /* FirebaseVertexAI-Preview */,
				A7CB58282C10A1CB00C773AA /* Kingfisher */,
				A761AA522C12F46C004E634D /* SwiftUIX */,
			);
			productName = iplayyoulisten;
			productReference = A73A18DE2C0FAC290095A5DB /* iplayyoulisten.app */;
			productType = "com.apple.product-type.application";
		};
/* End PBXNativeTarget section */

/* Begin PBXProject section */
		A73A18D62C0FAC290095A5DB /* Project object */ = {
			isa = PBXProject;
			attributes = {
				BuildIndependentTargetsInParallel = 1;
				LastSwiftUpdateCheck = 1540;
				LastUpgradeCheck = 1540;
				TargetAttributes = {
					A73A18DD2C0FAC290095A5DB = {
						CreatedOnToolsVersion = 15.4;
					};
				};
			};
			buildConfigurationList = A73A18D92C0FAC290095A5DB /* Build configuration list for PBXProject "iplayyoulisten" */;
			compatibilityVersion = "Xcode 14.0";
			developmentRegion = en;
			hasScannedForEncodings = 0;
			knownRegions = (
				en,
				Base,
			);
			mainGroup = A73A18D52C0FAC290095A5DB;
			packageReferences = (
				A760B06C2C0FB11500FF82D4 /* XCRemoteSwiftPackageReference "firebase-ios-sdk" */,
				A7CB58272C10A1CB00C773AA /* XCRemoteSwiftPackageReference "Kingfisher" */,
				A761AA512C12F46C004E634D /* XCRemoteSwiftPackageReference "SwiftUIX" */,
			);
			productRefGroup = A73A18DF2C0FAC290095A5DB /* Products */;
			projectDirPath = "";
			projectRoot = "";
			targets = (
				A73A18DD2C0FAC290095A5DB /* iplayyoulisten */,
			);
		};
/* End PBXProject section */

/* Begin PBXResourcesBuildPhase section */
		A73A18DC2C0FAC290095A5DB /* Resources */ = {
			isa = PBXResourcesBuildPhase;
			buildActionMask = 2147483647;
			files = (
				A73A18EA2C0FAC2A0095A5DB /* Preview Assets.xcassets in Resources */,
				A73A18E62C0FAC2A0095A5DB /* Assets.xcassets in Resources */,
				A760B06B2C0FB0EF00FF82D4 /* GoogleService-Info.plist in Resources */,
			);
			runOnlyForDeploymentPostprocessing = 0;
		};
/* End PBXResourcesBuildPhase section */

/* Begin PBXSourcesBuildPhase section */
		A73A18DA2C0FAC290095A5DB /* Sources */ = {
			isa = PBXSourcesBuildPhase;
			buildActionMask = 2147483647;
			files = (
				A7EB1A662C21EDA90086D111 /* MainMenuView.swift in Sources */,
				A7943A7B2C234E290078852F /* GameController.swift in Sources */,
				A7EB1A742C2233EA0086D111 /* AlbumModel.swift in Sources */,
				A7943A812C2377F50078852F /* GameView.swift in Sources */,
				A7EB1A7E2C22632D0086D111 /* PreGameView.swift in Sources */,
				A7943A8D2C23D7100078852F /* AlbumView.swift in Sources */,
				A7EB1A7C2C223C460086D111 /* ContentView.swift in Sources */,
				A7943A912C2463F50078852F /* ResultsView.swift in Sources */,
				A7943A8B2C23A4070078852F /* PuzzleHint.swift in Sources */,
				A7CB58332C10CC9200C773AA /* FetchService.swift in Sources */,
				A7943A892C239DA80078852F /* DisplayAlbumGenreAndYear.swift in Sources */,
				A7943A932C246FAB0078852F /* ResultCell.swift in Sources */,
				A7EB1A6A2C22007C0086D111 /* CustomColors.swift in Sources */,
				A7CB58352C10D32700C773AA /* AuthService.swift in Sources */,
				A7EB1A6E2C2203340086D111 /* MenuBackground.swift in Sources */,
				A7EB1A782C2237340086D111 /* X.swift in Sources */,
				A7EB1A762C2233F10086D111 /* PuzzleModel.swift in Sources */,
				A7943A962C247A850078852F /* SampleAlbumView.swift in Sources */,
				A7CB582F2C10BCC100C773AA /* AppleMusicIcon.swift in Sources */,
				A7943A7F2C23747D0078852F /* TapToReloadLabel.swift in Sources */,
				A7943A8F2C24480A0078852F /* DisplayArtist.swift in Sources */,
				A7CB582D2C10BC6A00C773AA /* SpotifyIcon.swift in Sources */,
				A73A18E22C0FAC290095A5DB /* iplayyoulistenApp.swift in Sources */,
				A7EB1A7A2C223AED0086D111 /* HowToPlayView.swift in Sources */,
				A7943A852C2397DF0078852F /* DisplayArtwork.swift in Sources */,
				A7943A872C239BD60078852F /* DisplayAlbumTitle.swift in Sources */,
			);
			runOnlyForDeploymentPostprocessing = 0;
		};
/* End PBXSourcesBuildPhase section */

/* Begin XCBuildConfiguration section */
		A73A18EB2C0FAC2A0095A5DB /* Debug */ = {
			isa = XCBuildConfiguration;
			buildSettings = {
				ALWAYS_SEARCH_USER_PATHS = NO;
				ASSETCATALOG_COMPILER_GENERATE_SWIFT_ASSET_SYMBOL_EXTENSIONS = YES;
				CLANG_ANALYZER_NONNULL = YES;
				CLANG_ANALYZER_NUMBER_OBJECT_CONVERSION = YES_AGGRESSIVE;
				CLANG_CXX_LANGUAGE_STANDARD = "gnu++20";
				CLANG_ENABLE_MODULES = YES;
				CLANG_ENABLE_OBJC_ARC = YES;
				CLANG_ENABLE_OBJC_WEAK = YES;
				CLANG_WARN_BLOCK_CAPTURE_AUTORELEASING = YES;
				CLANG_WARN_BOOL_CONVERSION = YES;
				CLANG_WARN_COMMA = YES;
				CLANG_WARN_CONSTANT_CONVERSION = YES;
				CLANG_WARN_DEPRECATED_OBJC_IMPLEMENTATIONS = YES;
				CLANG_WARN_DIRECT_OBJC_ISA_USAGE = YES_ERROR;
				CLANG_WARN_DOCUMENTATION_COMMENTS = YES;
				CLANG_WARN_EMPTY_BODY = YES;
				CLANG_WARN_ENUM_CONVERSION = YES;
				CLANG_WARN_INFINITE_RECURSION = YES;
				CLANG_WARN_INT_CONVERSION = YES;
				CLANG_WARN_NON_LITERAL_NULL_CONVERSION = YES;
				CLANG_WARN_OBJC_IMPLICIT_RETAIN_SELF = YES;
				CLANG_WARN_OBJC_LITERAL_CONVERSION = YES;
				CLANG_WARN_OBJC_ROOT_CLASS = YES_ERROR;
				CLANG_WARN_QUOTED_INCLUDE_IN_FRAMEWORK_HEADER = YES;
				CLANG_WARN_RANGE_LOOP_ANALYSIS = YES;
				CLANG_WARN_STRICT_PROTOTYPES = YES;
				CLANG_WARN_SUSPICIOUS_MOVE = YES;
				CLANG_WARN_UNGUARDED_AVAILABILITY = YES_AGGRESSIVE;
				CLANG_WARN_UNREACHABLE_CODE = YES;
				CLANG_WARN__DUPLICATE_METHOD_MATCH = YES;
				COPY_PHASE_STRIP = NO;
				DEBUG_INFORMATION_FORMAT = dwarf;
				ENABLE_STRICT_OBJC_MSGSEND = YES;
				ENABLE_TESTABILITY = YES;
				ENABLE_USER_SCRIPT_SANDBOXING = YES;
				GCC_C_LANGUAGE_STANDARD = gnu17;
				GCC_DYNAMIC_NO_PIC = NO;
				GCC_NO_COMMON_BLOCKS = YES;
				GCC_OPTIMIZATION_LEVEL = 0;
				GCC_PREPROCESSOR_DEFINITIONS = (
					"DEBUG=1",
					"$(inherited)",
				);
				GCC_WARN_64_TO_32_BIT_CONVERSION = YES;
				GCC_WARN_ABOUT_RETURN_TYPE = YES_ERROR;
				GCC_WARN_UNDECLARED_SELECTOR = YES;
				GCC_WARN_UNINITIALIZED_AUTOS = YES_AGGRESSIVE;
				GCC_WARN_UNUSED_FUNCTION = YES;
				GCC_WARN_UNUSED_VARIABLE = YES;
				LOCALIZATION_PREFERS_STRING_CATALOGS = YES;
				MTL_ENABLE_DEBUG_INFO = INCLUDE_SOURCE;
				MTL_FAST_MATH = YES;
				ONLY_ACTIVE_ARCH = YES;
				SWIFT_ACTIVE_COMPILATION_CONDITIONS = "DEBUG $(inherited)";
				SWIFT_OPTIMIZATION_LEVEL = "-Onone";
			};
			name = Debug;
		};
		A73A18EC2C0FAC2A0095A5DB /* Release */ = {
			isa = XCBuildConfiguration;
			buildSettings = {
				ALWAYS_SEARCH_USER_PATHS = NO;
				ASSETCATALOG_COMPILER_GENERATE_SWIFT_ASSET_SYMBOL_EXTENSIONS = YES;
				CLANG_ANALYZER_NONNULL = YES;
				CLANG_ANALYZER_NUMBER_OBJECT_CONVERSION = YES_AGGRESSIVE;
				CLANG_CXX_LANGUAGE_STANDARD = "gnu++20";
				CLANG_ENABLE_MODULES = YES;
				CLANG_ENABLE_OBJC_ARC = YES;
				CLANG_ENABLE_OBJC_WEAK = YES;
				CLANG_WARN_BLOCK_CAPTURE_AUTORELEASING = YES;
				CLANG_WARN_BOOL_CONVERSION = YES;
				CLANG_WARN_COMMA = YES;
				CLANG_WARN_CONSTANT_CONVERSION = YES;
				CLANG_WARN_DEPRECATED_OBJC_IMPLEMENTATIONS = YES;
				CLANG_WARN_DIRECT_OBJC_ISA_USAGE = YES_ERROR;
				CLANG_WARN_DOCUMENTATION_COMMENTS = YES;
				CLANG_WARN_EMPTY_BODY = YES;
				CLANG_WARN_ENUM_CONVERSION = YES;
				CLANG_WARN_INFINITE_RECURSION = YES;
				CLANG_WARN_INT_CONVERSION = YES;
				CLANG_WARN_NON_LITERAL_NULL_CONVERSION = YES;
				CLANG_WARN_OBJC_IMPLICIT_RETAIN_SELF = YES;
				CLANG_WARN_OBJC_LITERAL_CONVERSION = YES;
				CLANG_WARN_OBJC_ROOT_CLASS = YES_ERROR;
				CLANG_WARN_QUOTED_INCLUDE_IN_FRAMEWORK_HEADER = YES;
				CLANG_WARN_RANGE_LOOP_ANALYSIS = YES;
				CLANG_WARN_STRICT_PROTOTYPES = YES;
				CLANG_WARN_SUSPICIOUS_MOVE = YES;
				CLANG_WARN_UNGUARDED_AVAILABILITY = YES_AGGRESSIVE;
				CLANG_WARN_UNREACHABLE_CODE = YES;
				CLANG_WARN__DUPLICATE_METHOD_MATCH = YES;
				COPY_PHASE_STRIP = NO;
				DEBUG_INFORMATION_FORMAT = "dwarf-with-dsym";
				ENABLE_NS_ASSERTIONS = NO;
				ENABLE_STRICT_OBJC_MSGSEND = YES;
				ENABLE_USER_SCRIPT_SANDBOXING = YES;
				GCC_C_LANGUAGE_STANDARD = gnu17;
				GCC_NO_COMMON_BLOCKS = YES;
				GCC_WARN_64_TO_32_BIT_CONVERSION = YES;
				GCC_WARN_ABOUT_RETURN_TYPE = YES_ERROR;
				GCC_WARN_UNDECLARED_SELECTOR = YES;
				GCC_WARN_UNINITIALIZED_AUTOS = YES_AGGRESSIVE;
				GCC_WARN_UNUSED_FUNCTION = YES;
				GCC_WARN_UNUSED_VARIABLE = YES;
				LOCALIZATION_PREFERS_STRING_CATALOGS = YES;
				MTL_ENABLE_DEBUG_INFO = NO;
				MTL_FAST_MATH = YES;
				SWIFT_COMPILATION_MODE = wholemodule;
			};
			name = Release;
		};
		A73A18EE2C0FAC2A0095A5DB /* Debug */ = {
			isa = XCBuildConfiguration;
			buildSettings = {
				ASSETCATALOG_COMPILER_APPICON_NAME = AppIcon;
				ASSETCATALOG_COMPILER_GLOBAL_ACCENT_COLOR_NAME = AccentColor;
				CODE_SIGN_ENTITLEMENTS = iplayyoulisten/iplayyoulisten.entitlements;
				CODE_SIGN_STYLE = Automatic;
				CURRENT_PROJECT_VERSION = 1;
				DEVELOPMENT_ASSET_PATHS = "\"iplayyoulisten/Preview Content\"";
				DEVELOPMENT_TEAM = 5Y3YU386HL;
				ENABLE_HARDENED_RUNTIME = YES;
				ENABLE_PREVIEWS = YES;
				GENERATE_INFOPLIST_FILE = YES;
				INFOPLIST_FILE = iplayyoulisten/Info.plist;
				INFOPLIST_KEY_CFBundleDisplayName = "Put On";
				INFOPLIST_KEY_LSApplicationCategoryType = "public.app-category.trivia-games";
				"INFOPLIST_KEY_UIApplicationSceneManifest_Generation[sdk=iphoneos*]" = YES;
				"INFOPLIST_KEY_UIApplicationSceneManifest_Generation[sdk=iphonesimulator*]" = YES;
				"INFOPLIST_KEY_UIApplicationSupportsIndirectInputEvents[sdk=iphoneos*]" = YES;
				"INFOPLIST_KEY_UIApplicationSupportsIndirectInputEvents[sdk=iphonesimulator*]" = YES;
				"INFOPLIST_KEY_UILaunchScreen_Generation[sdk=iphoneos*]" = YES;
				"INFOPLIST_KEY_UILaunchScreen_Generation[sdk=iphonesimulator*]" = YES;
				"INFOPLIST_KEY_UIStatusBarStyle[sdk=iphoneos*]" = UIStatusBarStyleDefault;
				"INFOPLIST_KEY_UIStatusBarStyle[sdk=iphonesimulator*]" = UIStatusBarStyleDefault;
				INFOPLIST_KEY_UISupportedInterfaceOrientations = UIInterfaceOrientationPortrait;
				INFOPLIST_KEY_UISupportedInterfaceOrientations_iPad = "UIInterfaceOrientationLandscapeLeft UIInterfaceOrientationLandscapeRight UIInterfaceOrientationPortrait UIInterfaceOrientationPortraitUpsideDown";
				IPHONEOS_DEPLOYMENT_TARGET = 16.0;
				LD_RUNPATH_SEARCH_PATHS = "@executable_path/Frameworks";
				"LD_RUNPATH_SEARCH_PATHS[sdk=macosx*]" = "@executable_path/../Frameworks";
				MACOSX_DEPLOYMENT_TARGET = 13.0;
				MARKETING_VERSION = 1.2;
				PRODUCT_BUNDLE_IDENTIFIER = org.Elobook.iplayyoulisten;
				PRODUCT_NAME = "$(TARGET_NAME)";
				SDKROOT = auto;
				SUPPORTED_PLATFORMS = "iphoneos iphonesimulator";
				SUPPORTS_MACCATALYST = NO;
				SWIFT_EMIT_LOC_STRINGS = YES;
				SWIFT_VERSION = 5.0;
				TARGETED_DEVICE_FAMILY = 1;
			};
			name = Debug;
		};
		A73A18EF2C0FAC2A0095A5DB /* Release */ = {
			isa = XCBuildConfiguration;
			buildSettings = {
				ASSETCATALOG_COMPILER_APPICON_NAME = AppIcon;
				ASSETCATALOG_COMPILER_GLOBAL_ACCENT_COLOR_NAME = AccentColor;
				CODE_SIGN_ENTITLEMENTS = iplayyoulisten/iplayyoulisten.entitlements;
				CODE_SIGN_STYLE = Automatic;
				CURRENT_PROJECT_VERSION = 1;
				DEVELOPMENT_ASSET_PATHS = "\"iplayyoulisten/Preview Content\"";
				DEVELOPMENT_TEAM = 5Y3YU386HL;
				ENABLE_HARDENED_RUNTIME = YES;
				ENABLE_PREVIEWS = YES;
				GENERATE_INFOPLIST_FILE = YES;
				INFOPLIST_FILE = iplayyoulisten/Info.plist;
				INFOPLIST_KEY_CFBundleDisplayName = "Put On";
				INFOPLIST_KEY_LSApplicationCategoryType = "public.app-category.trivia-games";
				"INFOPLIST_KEY_UIApplicationSceneManifest_Generation[sdk=iphoneos*]" = YES;
				"INFOPLIST_KEY_UIApplicationSceneManifest_Generation[sdk=iphonesimulator*]" = YES;
				"INFOPLIST_KEY_UIApplicationSupportsIndirectInputEvents[sdk=iphoneos*]" = YES;
				"INFOPLIST_KEY_UIApplicationSupportsIndirectInputEvents[sdk=iphonesimulator*]" = YES;
				"INFOPLIST_KEY_UILaunchScreen_Generation[sdk=iphoneos*]" = YES;
				"INFOPLIST_KEY_UILaunchScreen_Generation[sdk=iphonesimulator*]" = YES;
				"INFOPLIST_KEY_UIStatusBarStyle[sdk=iphoneos*]" = UIStatusBarStyleDefault;
				"INFOPLIST_KEY_UIStatusBarStyle[sdk=iphonesimulator*]" = UIStatusBarStyleDefault;
				INFOPLIST_KEY_UISupportedInterfaceOrientations = UIInterfaceOrientationPortrait;
				INFOPLIST_KEY_UISupportedInterfaceOrientations_iPad = "UIInterfaceOrientationLandscapeLeft UIInterfaceOrientationLandscapeRight UIInterfaceOrientationPortrait UIInterfaceOrientationPortraitUpsideDown";
				IPHONEOS_DEPLOYMENT_TARGET = 16.0;
				LD_RUNPATH_SEARCH_PATHS = "@executable_path/Frameworks";
				"LD_RUNPATH_SEARCH_PATHS[sdk=macosx*]" = "@executable_path/../Frameworks";
				MACOSX_DEPLOYMENT_TARGET = 13.0;
				MARKETING_VERSION = 1.2;
				PRODUCT_BUNDLE_IDENTIFIER = org.Elobook.iplayyoulisten;
				PRODUCT_NAME = "$(TARGET_NAME)";
				SDKROOT = auto;
				SUPPORTED_PLATFORMS = "iphoneos iphonesimulator";
				SUPPORTS_MACCATALYST = NO;
				SWIFT_EMIT_LOC_STRINGS = YES;
				SWIFT_VERSION = 5.0;
				TARGETED_DEVICE_FAMILY = 1;
			};
			name = Release;
		};
/* End XCBuildConfiguration section */

/* Begin XCConfigurationList section */
		A73A18D92C0FAC290095A5DB /* Build configuration list for PBXProject "iplayyoulisten" */ = {
			isa = XCConfigurationList;
			buildConfigurations = (
				A73A18EB2C0FAC2A0095A5DB /* Debug */,
				A73A18EC2C0FAC2A0095A5DB /* Release */,
			);
			defaultConfigurationIsVisible = 0;
			defaultConfigurationName = Release;
		};
		A73A18ED2C0FAC2A0095A5DB /* Build configuration list for PBXNativeTarget "iplayyoulisten" */ = {
			isa = XCConfigurationList;
			buildConfigurations = (
				A73A18EE2C0FAC2A0095A5DB /* Debug */,
				A73A18EF2C0FAC2A0095A5DB /* Release */,
			);
			defaultConfigurationIsVisible = 0;
			defaultConfigurationName = Release;
		};
/* End XCConfigurationList section */

/* Begin XCRemoteSwiftPackageReference section */
		A760B06C2C0FB11500FF82D4 /* XCRemoteSwiftPackageReference "firebase-ios-sdk" */ = {
			isa = XCRemoteSwiftPackageReference;
			repositoryURL = "https://github.com/firebase/firebase-ios-sdk";
			requirement = {
				kind = upToNextMajorVersion;
				minimumVersion = 10.27.0;
			};
		};
		A761AA512C12F46C004E634D /* XCRemoteSwiftPackageReference "SwiftUIX" */ = {
			isa = XCRemoteSwiftPackageReference;
			repositoryURL = "https://github.com/SwiftUIX/SwiftUIX.git";
			requirement = {
				kind = upToNextMajorVersion;
				minimumVersion = 0.2.1;
			};
		};
		A7CB58272C10A1CB00C773AA /* XCRemoteSwiftPackageReference "Kingfisher" */ = {
			isa = XCRemoteSwiftPackageReference;
			repositoryURL = "https://github.com/onevcat/Kingfisher.git";
			requirement = {
				kind = upToNextMajorVersion;
				minimumVersion = 7.11.0;
			};
		};
/* End XCRemoteSwiftPackageReference section */

/* Begin XCSwiftPackageProductDependency section */
		A760B06E2C0FB16000FF82D4 /* FirebaseAnalytics */ = {
			isa = XCSwiftPackageProductDependency;
			package = A760B06C2C0FB11500FF82D4 /* XCRemoteSwiftPackageReference "firebase-ios-sdk" */;
			productName = FirebaseAnalytics;
		};
		A760B0702C0FB16000FF82D4 /* FirebaseAnalyticsOnDeviceConversion */ = {
			isa = XCSwiftPackageProductDependency;
			package = A760B06C2C0FB11500FF82D4 /* XCRemoteSwiftPackageReference "firebase-ios-sdk" */;
			productName = FirebaseAnalyticsOnDeviceConversion;
		};
		A760B0722C0FB16000FF82D4 /* FirebaseAnalyticsSwift */ = {
			isa = XCSwiftPackageProductDependency;
			package = A760B06C2C0FB11500FF82D4 /* XCRemoteSwiftPackageReference "firebase-ios-sdk" */;
			productName = FirebaseAnalyticsSwift;
		};
		A760B0742C0FB16000FF82D4 /* FirebaseAnalyticsWithoutAdIdSupport */ = {
			isa = XCSwiftPackageProductDependency;
			package = A760B06C2C0FB11500FF82D4 /* XCRemoteSwiftPackageReference "firebase-ios-sdk" */;
			productName = FirebaseAnalyticsWithoutAdIdSupport;
		};
		A760B0762C0FB16000FF82D4 /* FirebaseAppCheck */ = {
			isa = XCSwiftPackageProductDependency;
			package = A760B06C2C0FB11500FF82D4 /* XCRemoteSwiftPackageReference "firebase-ios-sdk" */;
			productName = FirebaseAppCheck;
		};
		A760B0782C0FB16000FF82D4 /* FirebaseAppDistribution-Beta */ = {
			isa = XCSwiftPackageProductDependency;
			package = A760B06C2C0FB11500FF82D4 /* XCRemoteSwiftPackageReference "firebase-ios-sdk" */;
			productName = "FirebaseAppDistribution-Beta";
		};
		A760B07A2C0FB16000FF82D4 /* FirebaseAuth */ = {
			isa = XCSwiftPackageProductDependency;
			package = A760B06C2C0FB11500FF82D4 /* XCRemoteSwiftPackageReference "firebase-ios-sdk" */;
			productName = FirebaseAuth;
		};
		A760B07C2C0FB16000FF82D4 /* FirebaseAuthCombine-Community */ = {
			isa = XCSwiftPackageProductDependency;
			package = A760B06C2C0FB11500FF82D4 /* XCRemoteSwiftPackageReference "firebase-ios-sdk" */;
			productName = "FirebaseAuthCombine-Community";
		};
		A760B07E2C0FB16000FF82D4 /* FirebaseCrashlytics */ = {
			isa = XCSwiftPackageProductDependency;
			package = A760B06C2C0FB11500FF82D4 /* XCRemoteSwiftPackageReference "firebase-ios-sdk" */;
			productName = FirebaseCrashlytics;
		};
		A760B0802C0FB16000FF82D4 /* FirebaseDatabase */ = {
			isa = XCSwiftPackageProductDependency;
			package = A760B06C2C0FB11500FF82D4 /* XCRemoteSwiftPackageReference "firebase-ios-sdk" */;
			productName = FirebaseDatabase;
		};
		A760B0822C0FB16000FF82D4 /* FirebaseDatabaseSwift */ = {
			isa = XCSwiftPackageProductDependency;
			package = A760B06C2C0FB11500FF82D4 /* XCRemoteSwiftPackageReference "firebase-ios-sdk" */;
			productName = FirebaseDatabaseSwift;
		};
		A760B0842C0FB16000FF82D4 /* FirebaseDynamicLinks */ = {
			isa = XCSwiftPackageProductDependency;
			package = A760B06C2C0FB11500FF82D4 /* XCRemoteSwiftPackageReference "firebase-ios-sdk" */;
			productName = FirebaseDynamicLinks;
		};
		A760B0862C0FB16000FF82D4 /* FirebaseFirestore */ = {
			isa = XCSwiftPackageProductDependency;
			package = A760B06C2C0FB11500FF82D4 /* XCRemoteSwiftPackageReference "firebase-ios-sdk" */;
			productName = FirebaseFirestore;
		};
		A760B0882C0FB16000FF82D4 /* FirebaseFirestoreCombine-Community */ = {
			isa = XCSwiftPackageProductDependency;
			package = A760B06C2C0FB11500FF82D4 /* XCRemoteSwiftPackageReference "firebase-ios-sdk" */;
			productName = "FirebaseFirestoreCombine-Community";
		};
		A760B08A2C0FB16000FF82D4 /* FirebaseFirestoreSwift */ = {
			isa = XCSwiftPackageProductDependency;
			package = A760B06C2C0FB11500FF82D4 /* XCRemoteSwiftPackageReference "firebase-ios-sdk" */;
			productName = FirebaseFirestoreSwift;
		};
		A760B08C2C0FB16000FF82D4 /* FirebaseFunctions */ = {
			isa = XCSwiftPackageProductDependency;
			package = A760B06C2C0FB11500FF82D4 /* XCRemoteSwiftPackageReference "firebase-ios-sdk" */;
			productName = FirebaseFunctions;
		};
		A760B08E2C0FB16000FF82D4 /* FirebaseFunctionsCombine-Community */ = {
			isa = XCSwiftPackageProductDependency;
			package = A760B06C2C0FB11500FF82D4 /* XCRemoteSwiftPackageReference "firebase-ios-sdk" */;
			productName = "FirebaseFunctionsCombine-Community";
		};
		A760B0902C0FB16000FF82D4 /* FirebaseInAppMessaging-Beta */ = {
			isa = XCSwiftPackageProductDependency;
			package = A760B06C2C0FB11500FF82D4 /* XCRemoteSwiftPackageReference "firebase-ios-sdk" */;
			productName = "FirebaseInAppMessaging-Beta";
		};
		A760B0922C0FB16000FF82D4 /* FirebaseInAppMessagingSwift-Beta */ = {
			isa = XCSwiftPackageProductDependency;
			package = A760B06C2C0FB11500FF82D4 /* XCRemoteSwiftPackageReference "firebase-ios-sdk" */;
			productName = "FirebaseInAppMessagingSwift-Beta";
		};
		A760B0942C0FB16000FF82D4 /* FirebaseInstallations */ = {
			isa = XCSwiftPackageProductDependency;
			package = A760B06C2C0FB11500FF82D4 /* XCRemoteSwiftPackageReference "firebase-ios-sdk" */;
			productName = FirebaseInstallations;
		};
		A760B0962C0FB16000FF82D4 /* FirebaseMessaging */ = {
			isa = XCSwiftPackageProductDependency;
			package = A760B06C2C0FB11500FF82D4 /* XCRemoteSwiftPackageReference "firebase-ios-sdk" */;
			productName = FirebaseMessaging;
		};
		A760B0982C0FB16000FF82D4 /* FirebaseMLModelDownloader */ = {
			isa = XCSwiftPackageProductDependency;
			package = A760B06C2C0FB11500FF82D4 /* XCRemoteSwiftPackageReference "firebase-ios-sdk" */;
			productName = FirebaseMLModelDownloader;
		};
		A760B09A2C0FB16000FF82D4 /* FirebasePerformance */ = {
			isa = XCSwiftPackageProductDependency;
			package = A760B06C2C0FB11500FF82D4 /* XCRemoteSwiftPackageReference "firebase-ios-sdk" */;
			productName = FirebasePerformance;
		};
		A760B09C2C0FB16000FF82D4 /* FirebaseRemoteConfig */ = {
			isa = XCSwiftPackageProductDependency;
			package = A760B06C2C0FB11500FF82D4 /* XCRemoteSwiftPackageReference "firebase-ios-sdk" */;
			productName = FirebaseRemoteConfig;
		};
		A760B09E2C0FB16000FF82D4 /* FirebaseRemoteConfigSwift */ = {
			isa = XCSwiftPackageProductDependency;
			package = A760B06C2C0FB11500FF82D4 /* XCRemoteSwiftPackageReference "firebase-ios-sdk" */;
			productName = FirebaseRemoteConfigSwift;
		};
		A760B0A02C0FB16000FF82D4 /* FirebaseStorage */ = {
			isa = XCSwiftPackageProductDependency;
			package = A760B06C2C0FB11500FF82D4 /* XCRemoteSwiftPackageReference "firebase-ios-sdk" */;
			productName = FirebaseStorage;
		};
		A760B0A22C0FB16000FF82D4 /* FirebaseStorageCombine-Community */ = {
			isa = XCSwiftPackageProductDependency;
			package = A760B06C2C0FB11500FF82D4 /* XCRemoteSwiftPackageReference "firebase-ios-sdk" */;
			productName = "FirebaseStorageCombine-Community";
		};
		A760B0A42C0FB16000FF82D4 /* FirebaseVertexAI-Preview */ = {
			isa = XCSwiftPackageProductDependency;
			package = A760B06C2C0FB11500FF82D4 /* XCRemoteSwiftPackageReference "firebase-ios-sdk" */;
			productName = "FirebaseVertexAI-Preview";
		};
		A761AA522C12F46C004E634D /* SwiftUIX */ = {
			isa = XCSwiftPackageProductDependency;
			package = A761AA512C12F46C004E634D /* XCRemoteSwiftPackageReference "SwiftUIX" */;
			productName = SwiftUIX;
		};
		A7CB58282C10A1CB00C773AA /* Kingfisher */ = {
			isa = XCSwiftPackageProductDependency;
			package = A7CB58272C10A1CB00C773AA /* XCRemoteSwiftPackageReference "Kingfisher" */;
			productName = Kingfisher;
		};
/* End XCSwiftPackageProductDependency section */
	};
	rootObject = A73A18D62C0FAC290095A5DB /* Project object */;
}
